<?xml version="1.0" encoding="utf-8"?>
<Project ToolsVersion="4.0" xmlns="http://schemas.microsoft.com/developer/msbuild/2003">
  <ItemGroup>
    <Filter Include="Source Files">
      <UniqueIdentifier>{4FC737F1-C7A5-4376-A066-2A32D752A2FF}</UniqueIdentifier>
      <Extensions>cpp;c;cc;cxx;c++;cppm;ixx;def;odl;idl;hpj;bat;asm;asmx</Extensions>
    </Filter>
    <Filter Include="Shaders">
      <UniqueIdentifier>{26a2b514-63f9-418b-905a-8b8eb4815f9c}</UniqueIdentifier>
    </Filter>
  </ItemGroup>
  <ItemGroup>
    <ClCompile Include="..\code\app.c">
      <Filter>Source Files</Filter>
    </ClCompile>
    <ClCompile Include="..\code\buffer.c">
      <Filter>Source Files</Filter>
    </ClCompile>
    <ClCompile Include="..\code\d3d12.c">
      <Filter>Source Files</Filter>
    </ClCompile>
    <ClCompile Include="..\code\hash.c">
      <Filter>Source Files</Filter>
    </ClCompile>
    <ClCompile Include="..\code\hw.c">
      <Filter>Source Files</Filter>
    </ClCompile>
    <ClCompile Include="..\code\gltf.c">
      <Filter>Source Files</Filter>
    </ClCompile>
    <ClCompile Include="..\code\texture.c">
      <Filter>Source Files</Filter>
    </ClCompile>
    <ClCompile Include="..\code\vulkan_spirv_loader.c">
      <Filter>Source Files</Filter>
    </ClCompile>
    <ClCompile Include="..\code\win32.c">
      <Filter>Source Files</Filter>
    </ClCompile>
    <ClCompile Include="..\code\rt.c">
      <Filter>Source Files</Filter>
    </ClCompile>
    <ClCompile Include="..\code\free_list.c">
      <Filter>Source Files</Filter>
    </ClCompile>
    <ClCompile Include="..\code\vk.c">
      <Filter>Source Files</Filter>
    </ClCompile>
  </ItemGroup>
  <ItemGroup>
    <ClInclude Include="..\code\app.h">
      <Filter>Source Files</Filter>
    </ClInclude>
    <ClInclude Include="..\code\arena.h">
      <Filter>Source Files</Filter>
    </ClInclude>
    <ClInclude Include="..\code\common.h">
      <Filter>Source Files</Filter>
    </ClInclude>
    <ClInclude Include="..\code\d3d12.h">
      <Filter>Source Files</Filter>
    </ClInclude>
    <ClInclude Include="..\code\d3dx12.h">
      <Filter>Source Files</Filter>
    </ClInclude>
    <ClInclude Include="..\code\fixed_point.h">
      <Filter>Source Files</Filter>
    </ClInclude>
    <ClInclude Include="..\code\hw.h">
      <Filter>Source Files</Filter>
    </ClInclude>
    <ClInclude Include="..\code\math.h">
      <Filter>Source Files</Filter>
    </ClInclude>
    <ClInclude Include="..\code\priority_queue.h">
      <Filter>Source Files</Filter>
    </ClInclude>
    <ClInclude Include="..\code\vulkan_shader_module.h">
      <Filter>Source Files</Filter>
    </ClInclude>
    <ClInclude Include="..\assets\shaders\mesh.h">
      <Filter>Shaders</Filter>
    </ClInclude>
    <ClInclude Include="..\code\free_list.h">
      <Filter>Source Files</Filter>
    </ClInclude>
    <ClInclude Include="..\code\vk.h">
      <Filter>Source Files</Filter>
    </ClInclude>
  </ItemGroup>
  <ItemGroup>
    <None Include="..\code\build.bat">
      <Filter>Source Files</Filter>
    </None>
    <None Include="..\assets\shaders\Builtin.ObjectShader.axis.frag.glsl">
      <Filter>Shaders</Filter>
    </None>
    <None Include="..\assets\shaders\Builtin.ObjectShader.axis.vert.glsl">
      <Filter>Shaders</Filter>
    </None>
    <None Include="..\assets\shaders\Builtin.ObjectShader.frustum.frag.glsl">
      <Filter>Shaders</Filter>
    </None>
    <None Include="..\assets\shaders\Builtin.ObjectShader.frustum.vert.glsl">
      <Filter>Shaders</Filter>
    </None>
    <None Include="..\assets\shaders\Builtin.ObjectShader.graphics.frag.glsl">
      <Filter>Shaders</Filter>
    </None>
    <None Include="..\assets\shaders\Builtin.ObjectShader.graphics.vert.glsl">
      <Filter>Shaders</Filter>
    </None>
    <None Include="..\assets\shaders\Builtin.ObjectShader.meshlet.frag.glsl">
      <Filter>Shaders</Filter>
    </None>
    <None Include="..\assets\shaders\Builtin.ObjectShader.meshlet.mesh.glsl">
      <Filter>Shaders</Filter>
    </None>
    <None Include="..\assets\shaders\common.glsl">
      <Filter>Shaders</Filter>
    </None>
  </ItemGroup>
  <ItemGroup>
    <Text Include="..\code\shader_build.log">
      <Filter>Source Files</Filter>
    </Text>
  </ItemGroup>
</Project>